<?xml version="1.0" encoding="utf-8"?>
<Project ToolsVersion="4.0" xmlns="http://schemas.microsoft.com/developer/msbuild/2003">
  <ItemGroup>
    <Filter Include="Source Files">
      <UniqueIdentifier>{4FC737F1-C7A5-4376-A066-2A32D752A2FF}</UniqueIdentifier>
      <Extensions>cpp;c;cc;cxx;c++;cppm;ixx;def;odl;idl;hpj;bat;asm;asmx</Extensions>
    </Filter>
    <Filter Include="Header Files">
      <UniqueIdentifier>{93995380-89BD-4b04-88EB-625FBE52EBFB}</UniqueIdentifier>
      <Extensions>h;hh;hpp;hxx;h++;hm;inl;inc;ipp;xsd</Extensions>
    </Filter>
    <Filter Include="Resource Files">
      <UniqueIdentifier>{67DA6AB6-F800-4c08-8B7A-83BB121AAD01}</UniqueIdentifier>
      <Extensions>rc;ico;cur;bmp;dlg;rc2;rct;bin;rgs;gif;jpg;jpeg;jpe;resx;tiff;tif;png;wav;mfcribbon-ms</Extensions>
    </Filter>
    <Filter Include="Imgui">
      <UniqueIdentifier>{e92b83df-9f48-42fb-8125-0c6a53348a3a}</UniqueIdentifier>
    </Filter>
    <Filter Include="Font">
      <UniqueIdentifier>{33177dcf-3e60-4970-8cf7-cb02eb049504}</UniqueIdentifier>
    </Filter>
    <Filter Include="hashlib">
      <UniqueIdentifier>{d870d1e2-067f-4c06-9443-cb4b790a7642}</UniqueIdentifier>
    </Filter>
    <Filter Include="others">
      <UniqueIdentifier>{15962c4b-7f69-4e04-babb-c00f995aea28}</UniqueIdentifier>
    </Filter>
  </ItemGroup>
  <ItemGroup>
    <ClCompile Include="Driver.cpp">
      <Filter>Source Files</Filter>
    </ClCompile>
    <ClCompile Include="Main.cpp">
      <Filter>Source Files</Filter>
    </ClCompile>
    <ClCompile Include="Protect.cpp">
      <Filter>Source Files</Filter>
    </ClCompile>
    <ClCompile Include="Imgui\imgui.cpp">
      <Filter>Imgui</Filter>
    </ClCompile>
    <ClCompile Include="Imgui\imgui_demo.cpp">
      <Filter>Imgui</Filter>
    </ClCompile>
    <ClCompile Include="Imgui\imgui_draw.cpp">
      <Filter>Imgui</Filter>
    </ClCompile>
    <ClCompile Include="Imgui\imgui_impl_dx9.cpp">
      <Filter>Imgui</Filter>
    </ClCompile>
    <ClCompile Include="Imgui\imgui_impl_win32.cpp">
      <Filter>Imgui</Filter>
    </ClCompile>
    <ClCompile Include="Imgui\imgui_widgets.cpp">
      <Filter>Imgui</Filter>
    </ClCompile>
    <ClCompile Include="others\hashlib\md5.cpp">
      <Filter>hashlib</Filter>
    </ClCompile>
    <ClCompile Include="others\hashlib\md5wrapper.cpp">
      <Filter>hashlib</Filter>
    </ClCompile>
  </ItemGroup>
  <ItemGroup>
    <ClInclude Include="Driver.h">
      <Filter>Header Files</Filter>
    </ClInclude>
    <ClInclude Include="config.h">
      <Filter>Header Files</Filter>
    </ClInclude>
    <ClInclude Include="Protect.h">
      <Filter>Header Files</Filter>
    </ClInclude>
    <ClInclude Include="Main.h">
      <Filter>Header Files</Filter>
    </ClInclude>
    <ClInclude Include="Text.h">
      <Filter>Header Files</Filter>
    </ClInclude>
    <ClInclude Include="Imgui\imconfig.h">
      <Filter>Imgui</Filter>
    </ClInclude>
    <ClInclude Include="Imgui\imgui.h">
      <Filter>Imgui</Filter>
    </ClInclude>
    <ClInclude Include="Imgui\imgui_impl_dx9.h">
      <Filter>Imgui</Filter>
    </ClInclude>
    <ClInclude Include="Imgui\imgui_impl_win32.h">
      <Filter>Imgui</Filter>
    </ClInclude>
    <ClInclude Include="Imgui\imgui_internal.h">
      <Filter>Imgui</Filter>
    </ClInclude>
    <ClInclude Include="Imgui\imstb_rectpack.h">
      <Filter>Imgui</Filter>
    </ClInclude>
    <ClInclude Include="Imgui\imstb_textedit.h">
      <Filter>Imgui</Filter>
    </ClInclude>
    <ClInclude Include="Imgui\imstb_truetype.h">
      <Filter>Imgui</Filter>
    </ClInclude>
    <ClInclude Include="DrawEsp.h">
      <Filter>Header Files</Filter>
    </ClInclude>
    <ClInclude Include="vector.h">
      <Filter>Header Files</Filter>
    </ClInclude>
    <ClInclude Include="prediction.h">
      <Filter>Header Files</Filter>
    </ClInclude>
    <ClInclude Include="defs.h">
      <Filter>Header Files</Filter>
    </ClInclude>
    <ClInclude Include="font.h">
      <Filter>Header Files</Filter>
    </ClInclude>
    <ClInclude Include="vars.h">
      <Filter>Header Files</Filter>
    </ClInclude>
    <ClInclude Include="Key.h">
      <Filter>Header Files</Filter>
    </ClInclude>
    <ClInclude Include="others\auth.h">
      <Filter>Header Files</Filter>
    </ClInclude>
    <ClInclude Include="others\hwid.h">
      <Filter>Header Files</Filter>
    </ClInclude>
    <ClInclude Include="others\program.h">
      <Filter>Header Files</Filter>
    </ClInclude>
    <ClInclude Include="others\hashlib\md5.h">
      <Filter>hashlib</Filter>
    </ClInclude>
    <ClInclude Include="others\hashlib\md5wrapper.h">
      <Filter>hashlib</Filter>
    </ClInclude>
    <ClInclude Include="others\xor.h">
      <Filter>others</Filter>
    </ClInclude>
    <ClInclude Include="crypto\crypto.h">
      <Filter>Header Files</Filter>
    </ClInclude>
  </ItemGroup>
  <ItemGroup>
    <Library Include="others\libcurl.lib">
      <Filter>Source Files</Filter>
    </Library>
  </ItemGroup>
</Project>